lockfileVersion: '9.0'

settings:
  autoInstallPeers: true
  excludeLinksFromLockfile: false

importers:

  .:
    dependencies:
      openapi-fetch:
        specifier: ^0.13.5
        version: 0.13.5
      react:
        specifier: 19.0.0
        version: 19.0.0

packages:

  openapi-fetch@0.13.5:
    resolution: {integrity: sha512-AQK8T9GSKFREFlN1DBXTYsLjs7YV2tZcJ7zUWxbjMoQmj8dDSFRrzhLCbHPZWA1TMV3vACqfCxLEZcwf2wxV6Q==}

  openapi-typescript-helpers@0.0.15:
    resolution: {integrity: sha512-opyTPaunsklCBpTK8JGef6mfPhLSnyy5a0IN9vKtx3+4aExf+KxEqYwIy3hqkedXIB97u357uLMJsOnm3GVjsw==}

  react@19.0.0:
    resolution: {integrity: sha512-V8AVnmPIICiWpGfm6GLzCR/W5FXLchHop40W4nXBmdlEceh16rCN8O8LNWm5bh5XUX91fh7KpA+W0TgMKmgTpQ==}
    engines: {node: '>=0.10.0'}

snapshots:

  openapi-fetch@0.13.5:
    dependencies:
      openapi-typescript-helpers: 0.0.15

  openapi-typescript-helpers@0.0.15: {}

  react@19.0.0: {}
